github.com/bgallie/tnt2 v0.0.0-20210206112219-adb65517c90d h1:T56awF8YR2iseaYN5Xk9ni52DfIls1KUHiulPARD9dg=
github.com/bgallie/tnt2 v0.0.0-20210206112219-adb65517c90d/go.mod h1:J+czAJAG9evidvs5dDubg1FyUNphih5dZjpgUnD2A8I=
github.com/bgallie/utilities v0.0.0-20210206113128-9b91576ea496 h1:UJRp8plt+9u7BY42uQQD9xsqxYywPcXvbWmoAoSUwBk=
github.com/bgallie/utilities v0.0.0-20210206113128-9b91576ea496/go.mod h1:83qRV9Dygc5ubOYNsHFNx/iTuSpq/581/v1+wvm7Fis=
